
Microsoft Visual Studio Solution File, Format Version 12.00
# Visual Studio Version 17
VisualStudioVersion = 17.3.32929.385
MinimumVisualStudioVersion = 10.0.40219.1
Project("{FAE04EC0-301F-11D3-BF4B-00C04F79EFBC}") = "GameServer", "GameServer\GameServer.csproj", "{77B1EC87-22A3-4336-ACE1-05726BA52260}"
EndProject
Project("{FAE04EC0-301F-11D3-BF4B-00C04F79EFBC}") = "Common", "..\..\Lib\Common\Common.csproj", "{A9D5803E-1E09-4A45-8F13-138C7F4B0FA2}"
EndProject
Project("{FAE04EC0-301F-11D3-BF4B-00C04F79EFBC}") = "Protocol", "..\..\Lib\Protocol\Protocol.csproj", "{C7BE5AF5-3AC1-4598-9A51-B894F861858B}"
EndProject
Global
	GlobalSection(SolutionConfigurationPlatforms) = preSolution
		Debug|Any CPU = Debug|Any CPU
		Release|Any CPU = Release|Any CPU
	EndGlobalSection
	GlobalSection(ProjectConfigurationPlatforms) = postSolution
		{77B1EC87-22A3-4336-ACE1-05726BA52260}.Debug|Any CPU.ActiveCfg = Debug|Any CPU
		{77B1EC87-22A3-4336-ACE1-05726BA52260}.Debug|Any CPU.Build.0 = Debug|Any CPU
		{77B1EC87-22A3-4336-ACE1-05726BA52260}.Release|Any CPU.ActiveCfg = Release|Any CPU
		{77B1EC87-22A3-4336-ACE1-05726BA52260}.Release|Any CPU.Build.0 = Release|Any CPU
		{A9D5803E-1E09-4A45-8F13-138C7F4B0FA2}.Debug|Any CPU.ActiveCfg = Debug|Any CPU
		{A9D5803E-1E09-4A45-8F13-138C7F4B0FA2}.Debug|Any CPU.Build.0 = Debug|Any CPU
		{A9D5803E-1E09-4A45-8F13-138C7F4B0FA2}.Release|Any CPU.ActiveCfg = Release|Any CPU
		{A9D5803E-1E09-4A45-8F13-138C7F4B0FA2}.Release|Any CPU.Build.0 = Release|Any CPU
		{C7BE5AF5-3AC1-4598-9A51-B894F861858B}.Debug|Any CPU.ActiveCfg = Debug|Any CPU
		{C7BE5AF5-3AC1-4598-9A51-B894F861858B}.Debug|Any CPU.Build.0 = Debug|Any CPU
		{C7BE5AF5-3AC1-4598-9A51-B894F861858B}.Release|Any CPU.ActiveCfg = Release|Any CPU
		{C7BE5AF5-3AC1-4598-9A51-B894F861858B}.Release|Any CPU.Build.0 = Release|Any CPU
	EndGlobalSection
	GlobalSection(SolutionProperties) = preSolution
		HideSolutionNode = FALSE
	EndGlobalSection
	GlobalSection(ExtensibilityGlobals) = postSolution
		SolutionGuid = {EDB1EB97-765B-4CA2-90BC-96DBD9DBBEEE}
	EndGlobalSection
EndGlobal
